
Microsoft Visual Studio Solution File, Format Version 12.00
# Visual Studio Version 17
VisualStudioVersion = 17.1.32328.378
MinimumVisualStudioVersion = 10.0.40219.1
Project("{9A19103F-16F7-4668-BE54-9A1E7A4F7556}") = "ApiConcessionaria", "ApiConcessionaria\ApiConcessionaria.csproj", "{2B16AA86-A29E-4216-A9C3-14AF28CE7F04}"
EndProject
Global
	GlobalSection(SolutionConfigurationPlatforms) = preSolution
		Debug|Any CPU = Debug|Any CPU
		Release|Any CPU = Release|Any CPU
	EndGlobalSection
	GlobalSection(ProjectConfigurationPlatforms) = postSolution
		{2B16AA86-A29E-4216-A9C3-14AF28CE7F04}.Debug|Any CPU.ActiveCfg = Debug|Any CPU
		{2B16AA86-A29E-4216-A9C3-14AF28CE7F04}.Debug|Any CPU.Build.0 = Debug|Any CPU
		{2B16AA86-A29E-4216-A9C3-14AF28CE7F04}.Release|Any CPU.ActiveCfg = Release|Any CPU
		{2B16AA86-A29E-4216-A9C3-14AF28CE7F04}.Release|Any CPU.Build.0 = Release|Any CPU
	EndGlobalSection
	GlobalSection(SolutionProperties) = preSolution
		HideSolutionNode = FALSE
	EndGlobalSection
	GlobalSection(ExtensibilityGlobals) = postSolution
		SolutionGuid = {F777D998-8C0C-4680-8BF2-AEA9ABD72091}
	EndGlobalSection
EndGlobal
